# This file is automatically @generated by Cargo.
# It is not intended for manual editing.
[[package]]
name = "cc"
version = "1.0.40"
source = "registry+https://github.com/rust-lang/crates.io-index"

[[package]]
name = "embed-resource"
version = "1.3.0"
source = "registry+https://github.com/rust-lang/crates.io-index"
dependencies = [
 "vswhom 0.1.0 (registry+https://github.com/rust-lang/crates.io-index)",
 "winreg 0.5.1 (registry+https://github.com/rust-lang/crates.io-index)",
]

[[package]]
name = "libc"
version = "0.2.62"
source = "registry+https://github.com/rust-lang/crates.io-index"

[[package]]
name = "reduce"
version = "0.1.0"
dependencies = [
 "embed-resource 1.3.0 (registry+https://github.com/rust-lang/crates.io-index)",
 "winapi 0.3.7 (registry+https://github.com/rust-lang/crates.io-index)",
]

[[package]]
name = "vswhom"
version = "0.1.0"
source = "registry+https://github.com/rust-lang/crates.io-index"
dependencies = [
 "libc 0.2.62 (registry+https://github.com/rust-lang/crates.io-index)",
 "vswhom-sys 0.1.0 (registry+https://github.com/rust-lang/crates.io-index)",
]

[[package]]
name = "vswhom-sys"
version = "0.1.0"
source = "registry+https://github.com/rust-lang/crates.io-index"
dependencies = [
 "cc 1.0.40 (registry+https://github.com/rust-lang/crates.io-index)",
 "libc 0.2.62 (registry+https://github.com/rust-lang/crates.io-index)",
]

[[package]]
name = "winapi"
version = "0.3.7"
source = "registry+https://github.com/rust-lang/crates.io-index"
dependencies = [
 "winapi-i686-pc-windows-gnu 0.4.0 (registry+https://github.com/rust-lang/crates.io-index)",
 "winapi-x86_64-pc-windows-gnu 0.4.0 (registry+https://github.com/rust-lang/crates.io-index)",
]

[[package]]
name = "winapi-i686-pc-windows-gnu"
version = "0.4.0"
source = "registry+https://github.com/rust-lang/crates.io-index"

[[package]]
name = "winapi-x86_64-pc-windows-gnu"
version = "0.4.0"
source = "registry+https://github.com/rust-lang/crates.io-index"

[[package]]
name = "winreg"
version = "0.5.1"
source = "registry+https://github.com/rust-lang/crates.io-index"
dependencies = [
 "winapi 0.3.7 (registry+https://github.com/rust-lang/crates.io-index)",
]

[metadata]
"checksum cc 1.0.40 (registry+https://github.com/rust-lang/crates.io-index)" = "b548a4ee81fccb95919d4e22cfea83c7693ebfd78f0495493178db20b3139da7"
"checksum embed-resource 1.3.0 (registry+https://github.com/rust-lang/crates.io-index)" = "e1419cfb011b3f11cbe865738cc2a36cc574437de4e3f2a1a57f118b230aa4f3"
"checksum libc 0.2.62 (registry+https://github.com/rust-lang/crates.io-index)" = "34fcd2c08d2f832f376f4173a231990fa5aef4e99fb569867318a227ef4c06ba"
"checksum vswhom 0.1.0 (registry+https://github.com/rust-lang/crates.io-index)" = "be979b7f07507105799e854203b470ff7c78a1639e330a58f183b5fea574608b"
"checksum vswhom-sys 0.1.0 (registry+https://github.com/rust-lang/crates.io-index)" = "fc2f5402d3d0e79a069714f7b48e3ecc60be7775a2c049cb839457457a239532"
"checksum winapi 0.3.7 (registry+https://github.com/rust-lang/crates.io-index)" = "f10e386af2b13e47c89e7236a7a14a086791a2b88ebad6df9bf42040195cf770"
"checksum winapi-i686-pc-windows-gnu 0.4.0 (registry+https://github.com/rust-lang/crates.io-index)" = "ac3b87c63620426dd9b991e5ce0329eff545bccbbb34f3be09ff6fb6ab51b7b6"
"checksum winapi-x86_64-pc-windows-gnu 0.4.0 (registry+https://github.com/rust-lang/crates.io-index)" = "712e227841d057c1ee1cd2fb22fa7e5a5461ae8e48fa2ca79ec42cfc1931183f"
"checksum winreg 0.5.1 (registry+https://github.com/rust-lang/crates.io-index)" = "a27a759395c1195c4cc5cda607ef6f8f6498f64e78f7900f5de0a127a424704a"
